{
  "name": "@km-blip/stage1-cache",
  "version": "1.0.65",
  "lockfileVersion": 1,
  "requires": true,
  "dependencies": {
    "@datadog/browser-core": {
      "version": "1.26.3",
      "resolved": "https://registry.npmjs.org/@datadog/browser-core/-/browser-core-1.26.3.tgz",
      "integrity": "sha512-/YrSvljK4RnjiLBX18P23PtcpYUPnSUVafy+41MatN8ZjtdzFsdK4VxQWhLFygG/Au8pvXacU1Kg7CVRk7hbMQ==",
      "requires": {
        "tslib": "^1.10.0"
      }
    },
    "@datadog/browser-rum": {
      "version": "1.26.3",
      "resolved": "https://registry.npmjs.org/@datadog/browser-rum/-/browser-rum-1.26.3.tgz",
      "integrity": "sha512-nCr3WndXZMpmvOdzIp8pLQ/vQSrpf9zCKO6/BQ2/pwyApNoj7sTxClbBXAzZD3WRSCUQfPjSKisWqGnYJSaknw==",
      "requires": {
        "@datadog/browser-core": "1.26.3",
        "tslib": "^1.10.0"
      }
    },
    "tslib": {
      "version": "1.14.1",
      "resolved": "https://registry.npmjs.org/tslib/-/tslib-1.14.1.tgz",
      "integrity": "sha512-Xni35NKzjgMrwevysHTCArtLDpPvye8zV/0E4EyYn43P7/7qvQwPh9BGkHewbMulVntbigmcT7rdX3BNo9wRJg=="
    }
  }
}
